
Microsoft Visual Studio Solution File, Format Version 12.00
# Visual Studio Version 17
VisualStudioVersion = 17.6.33815.320
MinimumVisualStudioVersion = 10.0.40219.1
Project("{9A19103F-16F7-4668-BE54-9A1E7A4F7556}") = "ChallengeApp", "ChallengeApp\ChallengeApp.csproj", "{3C49C78E-54E8-4792-88FD-48F53ACA1057}"
EndProject
Global
	GlobalSection(SolutionConfigurationPlatforms) = preSolution
		Debug|Any CPU = Debug|Any CPU
		Release|Any CPU = Release|Any CPU
	EndGlobalSection
	GlobalSection(ProjectConfigurationPlatforms) = postSolution
		{3C49C78E-54E8-4792-88FD-48F53ACA1057}.Debug|Any CPU.ActiveCfg = Debug|Any CPU
		{3C49C78E-54E8-4792-88FD-48F53ACA1057}.Debug|Any CPU.Build.0 = Debug|Any CPU
		{3C49C78E-54E8-4792-88FD-48F53ACA1057}.Release|Any CPU.ActiveCfg = Release|Any CPU
		{3C49C78E-54E8-4792-88FD-48F53ACA1057}.Release|Any CPU.Build.0 = Release|Any CPU
	EndGlobalSection
	GlobalSection(SolutionProperties) = preSolution
		HideSolutionNode = FALSE
	EndGlobalSection
	GlobalSection(ExtensibilityGlobals) = postSolution
		SolutionGuid = {6B2F5A8E-94D3-4F74-BB1E-90A316A6B759}
	EndGlobalSection
EndGlobal
